<?xml version="1.0" encoding="utf-8"?>
<Project ToolsVersion="4.0" xmlns="http://schemas.microsoft.com/developer/msbuild/2003">
  <ItemGroup>
    <Filter Include="Main">
      <UniqueIdentifier>{9960609d-5e41-4121-8aae-72d31681fa25}</UniqueIdentifier>
    </Filter>
    <Filter Include="pch">
      <UniqueIdentifier>{eaa62fc1-b7c1-4a89-8446-e396c256263d}</UniqueIdentifier>
    </Filter>
  </ItemGroup>
  <ItemGroup>
    <ClCompile Include="Clist.cpp">
      <Filter>Main</Filter>
    </ClCompile>
    <ClCompile Include="Cliterator.cpp">
      <Filter>Main</Filter>
    </ClCompile>
    <ClCompile Include="Cnode.cpp">
      <Filter>Main</Filter>
    </ClCompile>
    <ClCompile Include="CustonList.cpp">
      <Filter>Main</Filter>
    </ClCompile>
    <ClCompile Include="pch.cpp">
      <Filter>pch</Filter>
    </ClCompile>
  </ItemGroup>
  <ItemGroup>
    <ClInclude Include="Clist.h">
      <Filter>Main</Filter>
    </ClInclude>
    <ClInclude Include="Cliterator.h">
      <Filter>Main</Filter>
    </ClInclude>
    <ClInclude Include="Cnode.h">
      <Filter>Main</Filter>
    </ClInclude>
    <ClInclude Include="pch.h">
      <Filter>pch</Filter>
    </ClInclude>
  </ItemGroup>
</Project>